// !$*UTF8*$!
{
	archiveVersion = 1;
	classes = {
	};
	objectVersion = 56;
	objects = {

/* Begin PBXBuildFile section */
		7F7396F12F6E3BBD004A0F39 /* KeychainService.swift in Sources */ = {isa = PBXBuildFile; fileRef = 7F7396F02F6E3BBD004A0F39 /* KeychainService.swift */; };
		7F7396F32F6E3BBD004A0F39 /* StationService.swift in Sources */ = {isa = PBXBuildFile; fileRef = 7F7396F22F6E3BBD004A0F39 /* StationService.swift */; };
		7F7396F52F6E3BBE004A0F39 /* StationModels.swift in Sources */ = {isa = PBXBuildFile; fileRef = 7F7396F42F6E3BBE004A0F39 /* StationModels.swift */; };
		7F7396F72F6E3BC0004A0F39 /* HapticFeedback.swift in Sources */ = {isa = PBXBuildFile; fileRef = 7F7396F62F6E3BC0004A0F39 /* HapticFeedback.swift */; };
		7F7396F92F6E3BC0004A0F39 /* SkeletonModifier.swift in Sources */ = {isa = PBXBuildFile; fileRef = 7F7396F82F6E3BC0004A0F39 /* SkeletonModifier.swift */; };
		7F7397072F6E412A004A0F39 /* SSEClient.swift in Sources */ = {isa = PBXBuildFile; fileRef = 7F7397062F6E412A004A0F39 /* SSEClient.swift */; };
		7F7397092F6E4132004A0F39 /* MeterValueEvent.swift in Sources */ = {isa = PBXBuildFile; fileRef = 7F7397082F6E4132004A0F39 /* MeterValueEvent.swift */; };
		7F7397102F6EF268004A0F39 /* LiveChargingView.swift in Sources */ = {isa = PBXBuildFile; fileRef = 7F73970F2F6EF268004A0F39 /* LiveChargingView.swift */; };
		7F7397122F6EF269004A0F39 /* ChargingAnimations.swift in Sources */ = {isa = PBXBuildFile; fileRef = 7F7397112F6EF269004A0F39 /* ChargingAnimations.swift */; };
		7F7397142F6EF26A004A0F39 /* StationMapView.swift in Sources */ = {isa = PBXBuildFile; fileRef = 7F7397132F6EF26A004A0F39 /* StationMapView.swift */; };
		7F7397162F6EF26B004A0F39 /* NotificationsView.swift in Sources */ = {isa = PBXBuildFile; fileRef = 7F7397152F6EF26B004A0F39 /* NotificationsView.swift */; };
		7FE97B972F8EDE8500BF235A /* ChargerGraphQLService.swift in Sources */ = {isa = PBXBuildFile; fileRef = 7FE97B962F8EDE8500BF235A /* ChargerGraphQLService.swift */; };
		7FE97B992F8EDEA900BF235A /* OcpiChargerModels.swift in Sources */ = {isa = PBXBuildFile; fileRef = 7FE97B982F8EDEA900BF235A /* OcpiChargerModels.swift */; };
		A10000000000000000000001 /* DriverPortalIOSApp.swift in Sources */ = {isa = PBXBuildFile; fileRef = B10000000000000000000001 /* DriverPortalIOSApp.swift */; };
		A10000000000000000000002 /* RootView.swift in Sources */ = {isa = PBXBuildFile; fileRef = B10000000000000000000002 /* RootView.swift */; };
		A10000000000000000000003 /* AppModels.swift in Sources */ = {isa = PBXBuildFile; fileRef = B10000000000000000000003 /* AppModels.swift */; };
		A10000000000000000000004 /* AppServices.swift in Sources */ = {isa = PBXBuildFile; fileRef = B10000000000000000000004 /* AppServices.swift */; };
		A10000000000000000000005 /* SessionStore.swift in Sources */ = {isa = PBXBuildFile; fileRef = B10000000000000000000005 /* SessionStore.swift */; };
		A10000000000000000000006 /* AppSupport.swift in Sources */ = {isa = PBXBuildFile; fileRef = B10000000000000000000006 /* AppSupport.swift */; };
		A10000000000000000000007 /* MainTabView.swift in Sources */ = {isa = PBXBuildFile; fileRef = B10000000000000000000007 /* MainTabView.swift */; };
		A10000000000000000000008 /* AuthFlowView.swift in Sources */ = {isa = PBXBuildFile; fileRef = B10000000000000000000008 /* AuthFlowView.swift */; };
		A10000000000000000000009 /* DashboardView.swift in Sources */ = {isa = PBXBuildFile; fileRef = B10000000000000000000009 /* DashboardView.swift */; };
		A1000000000000000000000A /* PaymentsView.swift in Sources */ = {isa = PBXBuildFile; fileRef = B1000000000000000000000A /* PaymentsView.swift */; };
		A1000000000000000000000B /* ProfileView.swift in Sources */ = {isa = PBXBuildFile; fileRef = B1000000000000000000000B /* ProfileView.swift */; };
		A1000000000000000000000C /* ChargingHistoryView.swift in Sources */ = {isa = PBXBuildFile; fileRef = B1000000000000000000000C /* ChargingHistoryView.swift */; };
		A1000000000000000000000D /* Assets.xcassets in Resources */ = {isa = PBXBuildFile; fileRef = B1000000000000000000000E /* Assets.xcassets */; };
/* End PBXBuildFile section */

/* Begin PBXFileReference section */
		7F7396F02F6E3BBD004A0F39 /* KeychainService.swift */ = {isa = PBXFileReference; lastKnownFileType = sourcecode.swift; path = KeychainService.swift; sourceTree = "<group>"; };
		7F7396F22F6E3BBD004A0F39 /* StationService.swift */ = {isa = PBXFileReference; lastKnownFileType = sourcecode.swift; path = StationService.swift; sourceTree = "<group>"; };
		7F7396F42F6E3BBE004A0F39 /* StationModels.swift */ = {isa = PBXFileReference; lastKnownFileType = sourcecode.swift; path = StationModels.swift; sourceTree = "<group>"; };
		7F7396F62F6E3BC0004A0F39 /* HapticFeedback.swift */ = {isa = PBXFileReference; lastKnownFileType = sourcecode.swift; path = HapticFeedback.swift; sourceTree = "<group>"; };
		7F7396F82F6E3BC0004A0F39 /* SkeletonModifier.swift */ = {isa = PBXFileReference; lastKnownFileType = sourcecode.swift; path = SkeletonModifier.swift; sourceTree = "<group>"; };
		7F7397062F6E412A004A0F39 /* SSEClient.swift */ = {isa = PBXFileReference; lastKnownFileType = sourcecode.swift; path = SSEClient.swift; sourceTree = "<group>"; };
		7F7397082F6E4132004A0F39 /* MeterValueEvent.swift */ = {isa = PBXFileReference; lastKnownFileType = sourcecode.swift; path = MeterValueEvent.swift; sourceTree = "<group>"; };
		7F73970F2F6EF268004A0F39 /* LiveChargingView.swift */ = {isa = PBXFileReference; lastKnownFileType = sourcecode.swift; path = LiveChargingView.swift; sourceTree = "<group>"; };
		7F7397112F6EF269004A0F39 /* ChargingAnimations.swift */ = {isa = PBXFileReference; lastKnownFileType = sourcecode.swift; path = ChargingAnimations.swift; sourceTree = "<group>"; };
		7F7397132F6EF26A004A0F39 /* StationMapView.swift */ = {isa = PBXFileReference; lastKnownFileType = sourcecode.swift; path = StationMapView.swift; sourceTree = "<group>"; };
		7F7397152F6EF26B004A0F39 /* NotificationsView.swift */ = {isa = PBXFileReference; lastKnownFileType = sourcecode.swift; path = NotificationsView.swift; sourceTree = "<group>"; };
		7FE97B962F8EDE8500BF235A /* ChargerGraphQLService.swift */ = {isa = PBXFileReference; lastKnownFileType = sourcecode.swift; path = ChargerGraphQLService.swift; sourceTree = "<group>"; };
		7FE97B982F8EDEA900BF235A /* OcpiChargerModels.swift */ = {isa = PBXFileReference; lastKnownFileType = sourcecode.swift; path = OcpiChargerModels.swift; sourceTree = "<group>"; };
		B10000000000000000000001 /* DriverPortalIOSApp.swift */ = {isa = PBXFileReference; lastKnownFileType = sourcecode.swift; path = DriverPortalIOSApp.swift; sourceTree = "<group>"; };
		B10000000000000000000002 /* RootView.swift */ = {isa = PBXFileReference; lastKnownFileType = sourcecode.swift; path = RootView.swift; sourceTree = "<group>"; };
		B10000000000000000000003 /* AppModels.swift */ = {isa = PBXFileReference; lastKnownFileType = sourcecode.swift; path = AppModels.swift; sourceTree = "<group>"; };
		B10000000000000000000004 /* AppServices.swift */ = {isa = PBXFileReference; lastKnownFileType = sourcecode.swift; path = AppServices.swift; sourceTree = "<group>"; };
		B10000000000000000000005 /* SessionStore.swift */ = {isa = PBXFileReference; lastKnownFileType = sourcecode.swift; path = SessionStore.swift; sourceTree = "<group>"; };
		B10000000000000000000006 /* AppSupport.swift */ = {isa = PBXFileReference; lastKnownFileType = sourcecode.swift; path = AppSupport.swift; sourceTree = "<group>"; };
		B10000000000000000000007 /* MainTabView.swift */ = {isa = PBXFileReference; lastKnownFileType = sourcecode.swift; path = MainTabView.swift; sourceTree = "<group>"; };
		B10000000000000000000008 /* AuthFlowView.swift */ = {isa = PBXFileReference; lastKnownFileType = sourcecode.swift; path = AuthFlowView.swift; sourceTree = "<group>"; };
		B10000000000000000000009 /* DashboardView.swift */ = {isa = PBXFileReference; lastKnownFileType = sourcecode.swift; path = DashboardView.swift; sourceTree = "<group>"; };
		B1000000000000000000000A /* PaymentsView.swift */ = {isa = PBXFileReference; lastKnownFileType = sourcecode.swift; path = PaymentsView.swift; sourceTree = "<group>"; };
		B1000000000000000000000B /* ProfileView.swift */ = {isa = PBXFileReference; lastKnownFileType = sourcecode.swift; path = ProfileView.swift; sourceTree = "<group>"; };
		B1000000000000000000000C /* ChargingHistoryView.swift */ = {isa = PBXFileReference; lastKnownFileType = sourcecode.swift; path = ChargingHistoryView.swift; sourceTree = "<group>"; };
		B1000000000000000000000D /* Info.plist */ = {isa = PBXFileReference; lastKnownFileType = text.plist.xml; path = Info.plist; sourceTree = "<group>"; };
		B1000000000000000000000E /* Assets.xcassets */ = {isa = PBXFileReference; lastKnownFileType = folder.assetcatalog; path = Assets.xcassets; sourceTree = "<group>"; };
		B1000000000000000000000F /* DriverPortalIOS.app */ = {isa = PBXFileReference; explicitFileType = wrapper.application; includeInIndex = 0; path = DriverPortalIOS.app; sourceTree = BUILT_PRODUCTS_DIR; };
/* End PBXFileReference section */

/* Begin PBXFrameworksBuildPhase section */
		C10000000000000000000001 /* Frameworks */ = {
			isa = PBXFrameworksBuildPhase;
			buildActionMask = 2147483647;
			files = (
			);
			runOnlyForDeploymentPostprocessing = 0;
		};
/* End PBXFrameworksBuildPhase section */

/* Begin PBXGroup section */
		7F73970C2F6EF1D4004A0F39 /* Charging 2 */ = {
			isa = PBXGroup;
			children = (
				7F73970F2F6EF268004A0F39 /* LiveChargingView.swift */,
				7F7397112F6EF269004A0F39 /* ChargingAnimations.swift */,
			);
			path = "Charging 2";
			sourceTree = "<group>";
		};
		7F73970D2F6EF1D4004A0F39 /* Map 2 */ = {
			isa = PBXGroup;
			children = (
				7F7397132F6EF26A004A0F39 /* StationMapView.swift */,
			);
			path = "Map 2";
			sourceTree = "<group>";
		};
		7F73970E2F6EF1D4004A0F39 /* Notifications 2 */ = {
			isa = PBXGroup;
			children = (
				7F7397152F6EF26B004A0F39 /* NotificationsView.swift */,
			);
			path = "Notifications 2";
			sourceTree = "<group>";
		};
		D10000000000000000000001 = {
			isa = PBXGroup;
			children = (
				D10000000000000000000002 /* DriverPortalIOS */,
				D10000000000000000000003 /* Products */,
			);
			sourceTree = "<group>";
		};
		D10000000000000000000002 /* DriverPortalIOS */ = {
			isa = PBXGroup;
			children = (
				D10000000000000000000004 /* App */,
				B10000000000000000000001 /* DriverPortalIOSApp.swift */,
				D10000000000000000000005 /* Models */,
				D10000000000000000000006 /* Services */,
				D10000000000000000000007 /* State */,
				D10000000000000000000008 /* Utilities */,
				D10000000000000000000009 /* Views */,
				D1000000000000000000000A /* Resources */,
			);
			path = DriverPortalIOS;
			sourceTree = "<group>";
		};
		D10000000000000000000003 /* Products */ = {
			isa = PBXGroup;
			children = (
				B1000000000000000000000F /* DriverPortalIOS.app */,
			);
			name = Products;
			sourceTree = "<group>";
		};
		D10000000000000000000004 /* App */ = {
			isa = PBXGroup;
			children = (
				B10000000000000000000002 /* RootView.swift */,
			);
			path = App;
			sourceTree = "<group>";
		};
		D10000000000000000000005 /* Models */ = {
			isa = PBXGroup;
			children = (
				B10000000000000000000003 /* AppModels.swift */,
				7F7396F42F6E3BBE004A0F39 /* StationModels.swift */,
				7F7397082F6E4132004A0F39 /* MeterValueEvent.swift */,
				7FE97B982F8EDEA900BF235A /* OcpiChargerModels.swift */,
			);
			path = Models;
			sourceTree = "<group>";
		};
		D10000000000000000000006 /* Services */ = {
			isa = PBXGroup;
			children = (
				B10000000000000000000004 /* AppServices.swift */,
				7F7396F02F6E3BBD004A0F39 /* KeychainService.swift */,
				7F7396F22F6E3BBD004A0F39 /* StationService.swift */,
				7F7397062F6E412A004A0F39 /* SSEClient.swift */,
				7FE97B962F8EDE8500BF235A /* ChargerGraphQLService.swift */,
			);
			path = Services;
			sourceTree = "<group>";
		};
		D10000000000000000000007 /* State */ = {
			isa = PBXGroup;
			children = (
				B10000000000000000000005 /* SessionStore.swift */,
			);
			path = State;
			sourceTree = "<group>";
		};
		D10000000000000000000008 /* Utilities */ = {
			isa = PBXGroup;
			children = (
				B10000000000000000000006 /* AppSupport.swift */,
				7F7396F62F6E3BC0004A0F39 /* HapticFeedback.swift */,
				7F7396F82F6E3BC0004A0F39 /* SkeletonModifier.swift */,
			);
			path = Utilities;
			sourceTree = "<group>";
		};
		D10000000000000000000009 /* Views */ = {
			isa = PBXGroup;
			children = (
				B10000000000000000000007 /* MainTabView.swift */,
				D1000000000000000000000B /* Auth */,
				D1000000000000000000000C /* Dashboard */,
				D1000000000000000000000D /* Payments */,
				D1000000000000000000000E /* Profile */,
				D1000000000000000000000F /* History */,
				7F73970C2F6EF1D4004A0F39 /* Charging 2 */,
				7F73970D2F6EF1D4004A0F39 /* Map 2 */,
				7F73970E2F6EF1D4004A0F39 /* Notifications 2 */,
			);
			path = Views;
			sourceTree = "<group>";
		};
		D1000000000000000000000A /* Resources */ = {
			isa = PBXGroup;
			children = (
				B1000000000000000000000D /* Info.plist */,
				B1000000000000000000000E /* Assets.xcassets */,
			);
			path = Resources;
			sourceTree = "<group>";
		};
		D1000000000000000000000B /* Auth */ = {
			isa = PBXGroup;
			children = (
				B10000000000000000000008 /* AuthFlowView.swift */,
			);
			path = Auth;
			sourceTree = "<group>";
		};
		D1000000000000000000000C /* Dashboard */ = {
			isa = PBXGroup;
			children = (
				B10000000000000000000009 /* DashboardView.swift */,
			);
			path = Dashboard;
			sourceTree = "<group>";
		};
		D1000000000000000000000D /* Payments */ = {
			isa = PBXGroup;
			children = (
				B1000000000000000000000A /* PaymentsView.swift */,
			);
			path = Payments;
			sourceTree = "<group>";
		};
		D1000000000000000000000E /* Profile */ = {
			isa = PBXGroup;
			children = (
				B1000000000000000000000B /* ProfileView.swift */,
			);
			path = Profile;
			sourceTree = "<group>";
		};
		D1000000000000000000000F /* History */ = {
			isa = PBXGroup;
			children = (
				B1000000000000000000000C /* ChargingHistoryView.swift */,
			);
			path = History;
			sourceTree = "<group>";
		};
/* End PBXGroup section */

/* Begin PBXNativeTarget section */
		E10000000000000000000001 /* DriverPortalIOS */ = {
			isa = PBXNativeTarget;
			buildConfigurationList = F10000000000000000000001 /* Build configuration list for PBXNativeTarget "DriverPortalIOS" */;
			buildPhases = (
				C10000000000000000000002 /* Sources */,
				C10000000000000000000001 /* Frameworks */,
				C10000000000000000000003 /* Resources */,
			);
			buildRules = (
			);
			dependencies = (
			);
			name = DriverPortalIOS;
			productName = DriverPortalIOS;
			productReference = B1000000000000000000000F /* DriverPortalIOS.app */;
			productType = "com.apple.product-type.application";
		};
/* End PBXNativeTarget section */

/* Begin PBXProject section */
		FF0000000000000000000001 /* Project object */ = {
			isa = PBXProject;
			attributes = {
				BuildIndependentTargetsInParallel = 1;
				LastSwiftUpdateCheck = 1600;
				LastUpgradeCheck = 1600;
				TargetAttributes = {
					E10000000000000000000001 = {
						CreatedOnToolsVersion = 16.0;
					};
				};
			};
			buildConfigurationList = F10000000000000000000002 /* Build configuration list for PBXProject "DriverPortalIOS" */;
			compatibilityVersion = "Xcode 14.0";
			developmentRegion = en;
			hasScannedForEncodings = 0;
			knownRegions = (
				en,
				Base,
			);
			mainGroup = D10000000000000000000001;
			productRefGroup = D10000000000000000000003 /* Products */;
			projectDirPath = "";
			projectRoot = "";
			targets = (
				E10000000000000000000001 /* DriverPortalIOS */,
			);
		};
/* End PBXProject section */

/* Begin PBXResourcesBuildPhase section */
		C10000000000000000000003 /* Resources */ = {
			isa = PBXResourcesBuildPhase;
			buildActionMask = 2147483647;
			files = (
				A1000000000000000000000D /* Assets.xcassets in Resources */,
			);
			runOnlyForDeploymentPostprocessing = 0;
		};
/* End PBXResourcesBuildPhase section */

/* Begin PBXSourcesBuildPhase section */
		C10000000000000000000002 /* Sources */ = {
			isa = PBXSourcesBuildPhase;
			buildActionMask = 2147483647;
			files = (
				7F7397142F6EF26A004A0F39 /* StationMapView.swift in Sources */,
				A10000000000000000000001 /* DriverPortalIOSApp.swift in Sources */,
				7FE97B972F8EDE8500BF235A /* ChargerGraphQLService.swift in Sources */,
				7F7396F92F6E3BC0004A0F39 /* SkeletonModifier.swift in Sources */,
				A10000000000000000000002 /* RootView.swift in Sources */,
				A10000000000000000000003 /* AppModels.swift in Sources */,
				A10000000000000000000004 /* AppServices.swift in Sources */,
				A10000000000000000000005 /* SessionStore.swift in Sources */,
				7F7396F52F6E3BBE004A0F39 /* StationModels.swift in Sources */,
				7F7397102F6EF268004A0F39 /* LiveChargingView.swift in Sources */,
				A10000000000000000000006 /* AppSupport.swift in Sources */,
				7F7397122F6EF269004A0F39 /* ChargingAnimations.swift in Sources */,
				A10000000000000000000007 /* MainTabView.swift in Sources */,
				7F7396F12F6E3BBD004A0F39 /* KeychainService.swift in Sources */,
				7F7396F32F6E3BBD004A0F39 /* StationService.swift in Sources */,
				A10000000000000000000008 /* AuthFlowView.swift in Sources */,
				7F7397162F6EF26B004A0F39 /* NotificationsView.swift in Sources */,
				A10000000000000000000009 /* DashboardView.swift in Sources */,
				7F7397092F6E4132004A0F39 /* MeterValueEvent.swift in Sources */,
				A1000000000000000000000A /* PaymentsView.swift in Sources */,
				7F7396F72F6E3BC0004A0F39 /* HapticFeedback.swift in Sources */,
				A1000000000000000000000B /* ProfileView.swift in Sources */,
				7F7397072F6E412A004A0F39 /* SSEClient.swift in Sources */,
				7FE97B992F8EDEA900BF235A /* OcpiChargerModels.swift in Sources */,
				A1000000000000000000000C /* ChargingHistoryView.swift in Sources */,
			);
			runOnlyForDeploymentPostprocessing = 0;
		};
/* End PBXSourcesBuildPhase section */

/* Begin XCBuildConfiguration section */
		F10000000000000000000003 /* Debug */ = {
			isa = XCBuildConfiguration;
			buildSettings = {
				ALWAYS_SEARCH_USER_PATHS = NO;
				CLANG_ENABLE_MODULES = YES;
				COPY_PHASE_STRIP = NO;
				DEBUG_INFORMATION_FORMAT = dwarf;
				ENABLE_STRICT_OBJC_MSGSEND = YES;
				ENABLE_TESTABILITY = YES;
				GCC_C_LANGUAGE_STANDARD = gnu17;
				GCC_DYNAMIC_NO_PIC = NO;
				GCC_OPTIMIZATION_LEVEL = 0;
				GCC_PREPROCESSOR_DEFINITIONS = (
					"DEBUG=1",
					"$(inherited)",
				);
				MTL_ENABLE_DEBUG_INFO = INCLUDE_SOURCE;
				ONLY_ACTIVE_ARCH = YES;
				SDKROOT = iphoneos;
				SWIFT_ACTIVE_COMPILATION_CONDITIONS = DEBUG;
				SWIFT_OPTIMIZATION_LEVEL = "-Onone";
			};
			name = Debug;
		};
		F10000000000000000000004 /* Release */ = {
			isa = XCBuildConfiguration;
			buildSettings = {
				ALWAYS_SEARCH_USER_PATHS = NO;
				CLANG_ENABLE_MODULES = YES;
				COPY_PHASE_STRIP = NO;
				DEBUG_INFORMATION_FORMAT = "dwarf-with-dsym";
				ENABLE_NS_ASSERTIONS = NO;
				ENABLE_STRICT_OBJC_MSGSEND = YES;
				GCC_C_LANGUAGE_STANDARD = gnu17;
				MTL_ENABLE_DEBUG_INFO = NO;
				SDKROOT = iphoneos;
				SWIFT_COMPILATION_MODE = wholemodule;
				VALIDATE_PRODUCT = YES;
			};
			name = Release;
		};
		F10000000000000000000005 /* Debug */ = {
			isa = XCBuildConfiguration;
			buildSettings = {
				ASSETCATALOG_COMPILER_APPICON_NAME = AppIcon;
				ASSETCATALOG_COMPILER_GLOBAL_ACCENT_COLOR_NAME = AccentColor;
				CODE_SIGN_STYLE = Automatic;
				CURRENT_PROJECT_VERSION = 1;
				DEVELOPMENT_ASSET_PATHS = "";
				DEVELOPMENT_TEAM = "";
				ENABLE_PREVIEWS = YES;
				GENERATE_INFOPLIST_FILE = NO;
				INFOPLIST_FILE = DriverPortalIOS/Resources/Info.plist;
				IPHONEOS_DEPLOYMENT_TARGET = 17.0;
				LD_RUNPATH_SEARCH_PATHS = (
					"$(inherited)",
					"@executable_path/Frameworks",
				);
				MARKETING_VERSION = 1.0;
				PRODUCT_BUNDLE_IDENTIFIER = com.electrahub.driverportalios;
				PRODUCT_NAME = "$(TARGET_NAME)";
				SDKROOT = iphoneos;
				SUPPORTED_PLATFORMS = "iphoneos iphonesimulator";
				SWIFT_EMIT_LOC_STRINGS = YES;
				SWIFT_VERSION = 5.0;
				TARGETED_DEVICE_FAMILY = "1,2";
			};
			name = Debug;
		};
		F10000000000000000000006 /* Release */ = {
			isa = XCBuildConfiguration;
			buildSettings = {
				ASSETCATALOG_COMPILER_APPICON_NAME = AppIcon;
				ASSETCATALOG_COMPILER_GLOBAL_ACCENT_COLOR_NAME = AccentColor;
				CODE_SIGN_STYLE = Automatic;
				CURRENT_PROJECT_VERSION = 1;
				DEVELOPMENT_ASSET_PATHS = "";
				DEVELOPMENT_TEAM = "";
				ENABLE_PREVIEWS = YES;
				GENERATE_INFOPLIST_FILE = NO;
				INFOPLIST_FILE = DriverPortalIOS/Resources/Info.plist;
				IPHONEOS_DEPLOYMENT_TARGET = 17.0;
				LD_RUNPATH_SEARCH_PATHS = (
					"$(inherited)",
					"@executable_path/Frameworks",
				);
				MARKETING_VERSION = 1.0;
				PRODUCT_BUNDLE_IDENTIFIER = com.electrahub.driverportalios;
				PRODUCT_NAME = "$(TARGET_NAME)";
				SDKROOT = iphoneos;
				SUPPORTED_PLATFORMS = "iphoneos iphonesimulator";
				SWIFT_EMIT_LOC_STRINGS = YES;
				SWIFT_VERSION = 5.0;
				TARGETED_DEVICE_FAMILY = "1,2";
			};
			name = Release;
		};
/* End XCBuildConfiguration section */

/* Begin XCConfigurationList section */
		F10000000000000000000001 /* Build configuration list for PBXNativeTarget "DriverPortalIOS" */ = {
			isa = XCConfigurationList;
			buildConfigurations = (
				F10000000000000000000005 /* Debug */,
				F10000000000000000000006 /* Release */,
			);
			defaultConfigurationIsVisible = 0;
			defaultConfigurationName = Release;
		};
		F10000000000000000000002 /* Build configuration list for PBXProject "DriverPortalIOS" */ = {
			isa = XCConfigurationList;
			buildConfigurations = (
				F10000000000000000000003 /* Debug */,
				F10000000000000000000004 /* Release */,
			);
			defaultConfigurationIsVisible = 0;
			defaultConfigurationName = Release;
		};
/* End XCConfigurationList section */
	};
	rootObject = FF0000000000000000000001 /* Project object */;
}
